
Microsoft Visual Studio Solution File, Format Version 12.00
# Visual Studio Version 17
VisualStudioVersion = 17.1.32328.378
MinimumVisualStudioVersion = 10.0.40219.1
Project("{FAE04EC0-301F-11D3-BF4B-00C04F79EFBC}") = "api", "api.csproj", "{8DFF9F9B-E511-4F82-98C3-27B63606500F}"
EndProject
Global
	GlobalSection(SolutionConfigurationPlatforms) = preSolution
		Debug|Any CPU = Debug|Any CPU
		Release|Any CPU = Release|Any CPU
	EndGlobalSection
	GlobalSection(ProjectConfigurationPlatforms) = postSolution
		{8DFF9F9B-E511-4F82-98C3-27B63606500F}.Debug|Any CPU.ActiveCfg = Debug|Any CPU
		{8DFF9F9B-E511-4F82-98C3-27B63606500F}.Debug|Any CPU.Build.0 = Debug|Any CPU
		{8DFF9F9B-E511-4F82-98C3-27B63606500F}.Release|Any CPU.ActiveCfg = Release|Any CPU
		{8DFF9F9B-E511-4F82-98C3-27B63606500F}.Release|Any CPU.Build.0 = Release|Any CPU
	EndGlobalSection
	GlobalSection(SolutionProperties) = preSolution
		HideSolutionNode = FALSE
	EndGlobalSection
	GlobalSection(ExtensibilityGlobals) = postSolution
		SolutionGuid = {F40C9786-63FA-4F36-9052-05DEB72F6528}
	EndGlobalSection
EndGlobal
